
Microsoft Visual Studio Solution File, Format Version 12.00
# Visual Studio 15
VisualStudioVersion = 15.0.28010.2026
MinimumVisualStudioVersion = 10.0.40219.1
Project("{FAE04EC0-301F-11D3-BF4B-00C04F79EFBC}") = "Ron.HttpClientDemo", "Ron.HttpClientDemo\Ron.HttpClientDemo.csproj", "{FCEC44B4-5095-4AE6-88DA-442E34509075}"
EndProject
Global
	GlobalSection(SolutionConfigurationPlatforms) = preSolution
		Debug|Any CPU = Debug|Any CPU
		Release|Any CPU = Release|Any CPU
	EndGlobalSection
	GlobalSection(ProjectConfigurationPlatforms) = postSolution
		{FCEC44B4-5095-4AE6-88DA-442E34509075}.Debug|Any CPU.ActiveCfg = Debug|Any CPU
		{FCEC44B4-5095-4AE6-88DA-442E34509075}.Debug|Any CPU.Build.0 = Debug|Any CPU
		{FCEC44B4-5095-4AE6-88DA-442E34509075}.Release|Any CPU.ActiveCfg = Release|Any CPU
		{FCEC44B4-5095-4AE6-88DA-442E34509075}.Release|Any CPU.Build.0 = Release|Any CPU
	EndGlobalSection
	GlobalSection(SolutionProperties) = preSolution
		HideSolutionNode = FALSE
	EndGlobalSection
	GlobalSection(ExtensibilityGlobals) = postSolution
		SolutionGuid = {0E75A5EB-7087-49F3-99CD-B87DABC06C59}
	EndGlobalSection
EndGlobal
