
Microsoft Visual Studio Solution File, Format Version 12.00
# Visual Studio 15
VisualStudioVersion = 15.0.28010.2026
MinimumVisualStudioVersion = 10.0.40219.1
Project("{FAE04EC0-301F-11D3-BF4B-00C04F79EFBC}") = "UserCenterDemo", "UserCenterDemo\UserCenterDemo.csproj", "{F48B6029-B54D-4D03-A37A-7EEA4CF0F6BA}"
EndProject
Project("{2150E333-8FDC-42A3-9474-1A3956D46DE8}") = "xUnit", "xUnit", "{19799DB2-140D-46AF-8EA6-55119330814E}"
EndProject
Project("{FAE04EC0-301F-11D3-BF4B-00C04F79EFBC}") = "UserCenterDemoTest", "UserCenterDemoTest\UserCenterDemoTest.csproj", "{266CCA26-241D-454E-91BE-8723AFA51C88}"
EndProject
Global
	GlobalSection(SolutionConfigurationPlatforms) = preSolution
		Debug|Any CPU = Debug|Any CPU
		Release|Any CPU = Release|Any CPU
	EndGlobalSection
	GlobalSection(ProjectConfigurationPlatforms) = postSolution
		{F48B6029-B54D-4D03-A37A-7EEA4CF0F6BA}.Debug|Any CPU.ActiveCfg = Debug|Any CPU
		{F48B6029-B54D-4D03-A37A-7EEA4CF0F6BA}.Debug|Any CPU.Build.0 = Debug|Any CPU
		{F48B6029-B54D-4D03-A37A-7EEA4CF0F6BA}.Release|Any CPU.ActiveCfg = Release|Any CPU
		{F48B6029-B54D-4D03-A37A-7EEA4CF0F6BA}.Release|Any CPU.Build.0 = Release|Any CPU
		{266CCA26-241D-454E-91BE-8723AFA51C88}.Debug|Any CPU.ActiveCfg = Debug|Any CPU
		{266CCA26-241D-454E-91BE-8723AFA51C88}.Debug|Any CPU.Build.0 = Debug|Any CPU
		{266CCA26-241D-454E-91BE-8723AFA51C88}.Release|Any CPU.ActiveCfg = Release|Any CPU
		{266CCA26-241D-454E-91BE-8723AFA51C88}.Release|Any CPU.Build.0 = Release|Any CPU
	EndGlobalSection
	GlobalSection(SolutionProperties) = preSolution
		HideSolutionNode = FALSE
	EndGlobalSection
	GlobalSection(NestedProjects) = preSolution
		{266CCA26-241D-454E-91BE-8723AFA51C88} = {19799DB2-140D-46AF-8EA6-55119330814E}
	EndGlobalSection
	GlobalSection(ExtensibilityGlobals) = postSolution
		SolutionGuid = {972073D6-57DE-4385-A467-B72FEF195F9A}
	EndGlobalSection
EndGlobal
