
Microsoft Visual Studio Solution File, Format Version 12.00
# Visual Studio 15
VisualStudioVersion = 15.0.28010.2026
MinimumVisualStudioVersion = 10.0.40219.1
Project("{FAE04EC0-301F-11D3-BF4B-00C04F79EFBC}") = "Ron.TestDemo", "Ron.TestDemo\Ron.TestDemo.csproj", "{556F69D4-CD1F-4F9F-A0D0-E750C4381027}"
EndProject
Project("{2150E333-8FDC-42A3-9474-1A3956D46DE8}") = "xUnit", "xUnit", "{035A3AD5-3D3F-43DB-9C0C-3919438679BE}"
EndProject
Project("{FAE04EC0-301F-11D3-BF4B-00C04F79EFBC}") = "Ron.XUnitTest", "Ron.XUnitTest\Ron.XUnitTest.csproj", "{F13445C9-6F49-4E17-BFCB-506B01682556}"
EndProject
Global
	GlobalSection(SolutionConfigurationPlatforms) = preSolution
		Debug|Any CPU = Debug|Any CPU
		Release|Any CPU = Release|Any CPU
	EndGlobalSection
	GlobalSection(ProjectConfigurationPlatforms) = postSolution
		{556F69D4-CD1F-4F9F-A0D0-E750C4381027}.Debug|Any CPU.ActiveCfg = Debug|Any CPU
		{556F69D4-CD1F-4F9F-A0D0-E750C4381027}.Debug|Any CPU.Build.0 = Debug|Any CPU
		{556F69D4-CD1F-4F9F-A0D0-E750C4381027}.Release|Any CPU.ActiveCfg = Release|Any CPU
		{556F69D4-CD1F-4F9F-A0D0-E750C4381027}.Release|Any CPU.Build.0 = Release|Any CPU
		{F13445C9-6F49-4E17-BFCB-506B01682556}.Debug|Any CPU.ActiveCfg = Debug|Any CPU
		{F13445C9-6F49-4E17-BFCB-506B01682556}.Debug|Any CPU.Build.0 = Debug|Any CPU
		{F13445C9-6F49-4E17-BFCB-506B01682556}.Release|Any CPU.ActiveCfg = Release|Any CPU
		{F13445C9-6F49-4E17-BFCB-506B01682556}.Release|Any CPU.Build.0 = Release|Any CPU
	EndGlobalSection
	GlobalSection(SolutionProperties) = preSolution
		HideSolutionNode = FALSE
	EndGlobalSection
	GlobalSection(NestedProjects) = preSolution
		{F13445C9-6F49-4E17-BFCB-506B01682556} = {035A3AD5-3D3F-43DB-9C0C-3919438679BE}
	EndGlobalSection
	GlobalSection(ExtensibilityGlobals) = postSolution
		SolutionGuid = {8475DCCD-E0B6-4A42-AF09-B74C288E251A}
	EndGlobalSection
EndGlobal
